{
  "name": "aik",
  "version": "0.1.0",
  "lockfileVersion": 1,
  "requires": true,
  "dependencies": {
    "@types/deasync": {
      "version": "0.1.1",
      "resolved": "https://registry.npmjs.org/@types/deasync/-/deasync-0.1.1.tgz",
      "integrity": "sha512-/AsDEUsHjyzMX0UjPgysggxFO8r7//c4aS9aeQwHzgs5POBsqaBFWW9+KYFGUyx/VYT4HrT/+JzAGTEEL2d4OQ=="
    },
    "@types/node": {
      "version": "14.14.41",
      "resolved": "https://registry.npmjs.org/@types/node/-/node-14.14.41.tgz",
      "integrity": "sha512-dueRKfaJL4RTtSa7bWeTK1M+VH+Gns73oCgzvYfHZywRCoPSd8EkXBL0mZ9unPTveBn+D9phZBaxuzpwjWkW0g=="
    },
    "@types/synaptic": {
      "version": "1.0.3",
      "resolved": "https://registry.npmjs.org/@types/synaptic/-/synaptic-1.0.3.tgz",
      "integrity": "sha512-YhFSgLpf684br0COiwSfdlH8vrW86kUuYaOWwgjoC5p2kGrdUQotMArk1cBopXQJeDfzsHlZtCWUkUNuHVkbHw=="
    },
    "ansi-colors": {
      "version": "4.1.1",
      "resolved": "https://registry.npmjs.org/ansi-colors/-/ansi-colors-4.1.1.tgz",
      "integrity": "sha512-JoX0apGbHaUJBNl6yF+p6JAFYZ666/hhCGKN5t9QFjbJQKUU/g8MNbFDbvfrgKXvI1QpZplPOnwIo99lX/AAmA=="
    },
    "enquirer": {
      "version": "2.3.6",
      "resolved": "https://registry.npmjs.org/enquirer/-/enquirer-2.3.6.tgz",
      "integrity": "sha512-yjNnPr315/FjS4zIsUxYguYUPP2e1NK4d7E7ZOLiyYCcbFBiTMyID+2wvm2w6+pZ/odMA7cRkjhsPbltwBOrLg==",
      "requires": {
        "ansi-colors": "^4.1.1"
      }
    },
    "typescript": {
      "version": "4.2.4",
      "resolved": "https://registry.npmjs.org/typescript/-/typescript-4.2.4.tgz",
      "integrity": "sha512-V+evlYHZnQkaz8TRBuxTA92yZBPotr5H+WhQ7bD3hZUndx5tGOa1fuCgeSjxAzM1RiN5IzvadIXTVefuuwZCRg=="
    }
  }
}
